// !$*UTF8*$!
{
	archiveVersion = 1;
	classes = {
	};
	objectVersion = 46;
	objects = {

/* Begin PBXBuildFile section */
		3D4679C9196DDABC00B142B5 /* ELCAlbumPickerController.m in Sources */ = {isa = PBXBuildFile; fileRef = 3D4679B4196DDABC00B142B5 /* ELCAlbumPickerController.m */; };
		3D4679CA196DDABC00B142B5 /* ELCAsset.m in Sources */ = {isa = PBXBuildFile; fileRef = 3D4679B6196DDABC00B142B5 /* ELCAsset.m */; };
		3D4679CB196DDABC00B142B5 /* ELCAssetCell.m in Sources */ = {isa = PBXBuildFile; fileRef = 3D4679B8196DDABC00B142B5 /* ELCAssetCell.m */; };
		3D4679CC196DDABC00B142B5 /* ELCAssetTablePicker.m in Sources */ = {isa = PBXBuildFile; fileRef = 3D4679BC196DDABC00B142B5 /* ELCAssetTablePicker.m */; };
		3D4679CD196DDABC00B142B5 /* ELCImagePickerController.m in Sources */ = {isa = PBXBuildFile; fileRef = 3D4679BE196DDABC00B142B5 /* ELCImagePickerController.m */; };
		3D4679CE196DDABC00B142B5 /* ELCAlbumPickerController.xib in Resources */ = {isa = PBXBuildFile; fileRef = 3D4679C0196DDABC00B142B5 /* ELCAlbumPickerController.xib */; };
		3D4679CF196DDABC00B142B5 /* ELCAssetPicker.xib in Resources */ = {isa = PBXBuildFile; fileRef = 3D4679C1196DDABC00B142B5 /* ELCAssetPicker.xib */; };
		3D4679D0196DDABC00B142B5 /* ELCAssetTablePicker.xib in Resources */ = {isa = PBXBuildFile; fileRef = 3D4679C2196DDABC00B142B5 /* ELCAssetTablePicker.xib */; };
		3D4679D1196DDABC00B142B5 /* Overlay.png in Resources */ = {isa = PBXBuildFile; fileRef = 3D4679C3196DDABC00B142B5 /* Overlay.png */; };
		3D4679D2196DDABC00B142B5 /* Overlay@2x.png in Resources */ = {isa = PBXBuildFile; fileRef = 3D4679C4196DDABC00B142B5 /* Overlay@2x.png */; };
		3D4679D3196DDABC00B142B5 /* ELCImagePickerDemoAppDelegate.m in Sources */ = {isa = PBXBuildFile; fileRef = 3D4679C6196DDABC00B142B5 /* ELCImagePickerDemoAppDelegate.m */; };
		3D4679D4196DDABC00B142B5 /* ELCImagePickerDemoViewController.m in Sources */ = {isa = PBXBuildFile; fileRef = 3D4679C8196DDABC00B142B5 /* ELCImagePickerDemoViewController.m */; };
		3D4679D6196DDD7000B142B5 /* AssetsLibrary.framework in Frameworks */ = {isa = PBXBuildFile; fileRef = 3D4679D5196DDD7000B142B5 /* AssetsLibrary.framework */; };
		6D2FB3AB155819D9006FB7AD /* UIKit.framework in Frameworks */ = {isa = PBXBuildFile; fileRef = 6D2FB3AA155819D9006FB7AD /* UIKit.framework */; };
		6D2FB3AD155819D9006FB7AD /* Foundation.framework in Frameworks */ = {isa = PBXBuildFile; fileRef = 6D2FB3AC155819D9006FB7AD /* Foundation.framework */; };
		6D2FB3AF155819D9006FB7AD /* CoreGraphics.framework in Frameworks */ = {isa = PBXBuildFile; fileRef = 6D2FB3AE155819D9006FB7AD /* CoreGraphics.framework */; };
		6D2FB3B5155819D9006FB7AD /* InfoPlist.strings in Resources */ = {isa = PBXBuildFile; fileRef = 6D2FB3B3155819D9006FB7AD /* InfoPlist.strings */; };
		6D2FB3B7155819D9006FB7AD /* main.m in Sources */ = {isa = PBXBuildFile; fileRef = 6D2FB3B6155819D9006FB7AD /* main.m */; };
		6D2FB3BB155819D9006FB7AD /* fileUploadDemoAppDelegate.m in Sources */ = {isa = PBXBuildFile; fileRef = 6D2FB3BA155819D9006FB7AD /* fileUploadDemoAppDelegate.m */; };
		6D2FB3BE155819D9006FB7AD /* MainStoryboard.storyboard in Resources */ = {isa = PBXBuildFile; fileRef = 6D2FB3BC155819D9006FB7AD /* MainStoryboard.storyboard */; };
		6D2FB3C1155819D9006FB7AD /* fileUploadDemoViewController.m in Sources */ = {isa = PBXBuildFile; fileRef = 6D2FB3C0155819D9006FB7AD /* fileUploadDemoViewController.m */; };
		6D2FB3EA15581AF0006FB7AD /* Security.framework in Frameworks */ = {isa = PBXBuildFile; fileRef = 6D2FB3E915581AF0006FB7AD /* Security.framework */; };
		6D2FB3EC15581B0B006FB7AD /* CFNetwork.framework in Frameworks */ = {isa = PBXBuildFile; fileRef = 6D2FB3EB15581B0B006FB7AD /* CFNetwork.framework */; };
		6D2FB3EE15581B2C006FB7AD /* SystemConfiguration.framework in Frameworks */ = {isa = PBXBuildFile; fileRef = 6D2FB3ED15581B2C006FB7AD /* SystemConfiguration.framework */; };
		6D2FB41015582939006FB7AD /* fileUploadEngine.m in Sources */ = {isa = PBXBuildFile; fileRef = 6D2FB40F15582939006FB7AD /* fileUploadEngine.m */; };
		6D2FB42B15596952006FB7AD /* NSDate+RFC1123.m in Sources */ = {isa = PBXBuildFile; fileRef = 6D2FB41B15596952006FB7AD /* NSDate+RFC1123.m */; };
		6D2FB42C15596952006FB7AD /* NSDictionary+RequestEncoding.m in Sources */ = {isa = PBXBuildFile; fileRef = 6D2FB41D15596952006FB7AD /* NSDictionary+RequestEncoding.m */; };
		6D2FB42D15596952006FB7AD /* NSString+MKNetworkKitAdditions.m in Sources */ = {isa = PBXBuildFile; fileRef = 6D2FB41F15596952006FB7AD /* NSString+MKNetworkKitAdditions.m */; };
		6D2FB42E15596952006FB7AD /* UIAlertView+MKNetworkKitAdditions.m in Sources */ = {isa = PBXBuildFile; fileRef = 6D2FB42115596952006FB7AD /* UIAlertView+MKNetworkKitAdditions.m */; };
		6D2FB42F15596952006FB7AD /* MKNetworkEngine.m in Sources */ = {isa = PBXBuildFile; fileRef = 6D2FB42315596952006FB7AD /* MKNetworkEngine.m */; };
		6D2FB43015596952006FB7AD /* MKNetworkOperation.m in Sources */ = {isa = PBXBuildFile; fileRef = 6D2FB42615596952006FB7AD /* MKNetworkOperation.m */; };
		6D2FB43115596952006FB7AD /* Reachability.m in Sources */ = {isa = PBXBuildFile; fileRef = 6D2FB42915596952006FB7AD /* Reachability.m */; };
		6DAF3F5B166BC6F400CE584A /* Default-568h@2x.png in Resources */ = {isa = PBXBuildFile; fileRef = 6DAF3F5A166BC6F400CE584A /* Default-568h@2x.png */; };
		6DAF3F5F166BC73200CE584A /* NSData+MKBase64.m in Sources */ = {isa = PBXBuildFile; fileRef = 6DAF3F5E166BC73200CE584A /* NSData+MKBase64.m */; };
/* End PBXBuildFile section */

/* Begin PBXFileReference section */
		3D4679B3196DDABC00B142B5 /* ELCAlbumPickerController.h */ = {isa = PBXFileReference; fileEncoding = 4; lastKnownFileType = sourcecode.c.h; path = ELCAlbumPickerController.h; sourceTree = "<group>"; };
		3D4679B4196DDABC00B142B5 /* ELCAlbumPickerController.m */ = {isa = PBXFileReference; fileEncoding = 4; lastKnownFileType = sourcecode.c.objc; path = ELCAlbumPickerController.m; sourceTree = "<group>"; };
		3D4679B5196DDABC00B142B5 /* ELCAsset.h */ = {isa = PBXFileReference; fileEncoding = 4; lastKnownFileType = sourcecode.c.h; path = ELCAsset.h; sourceTree = "<group>"; };
		3D4679B6196DDABC00B142B5 /* ELCAsset.m */ = {isa = PBXFileReference; fileEncoding = 4; lastKnownFileType = sourcecode.c.objc; path = ELCAsset.m; sourceTree = "<group>"; };
		3D4679B7196DDABC00B142B5 /* ELCAssetCell.h */ = {isa = PBXFileReference; fileEncoding = 4; lastKnownFileType = sourcecode.c.h; path = ELCAssetCell.h; sourceTree = "<group>"; };
		3D4679B8196DDABC00B142B5 /* ELCAssetCell.m */ = {isa = PBXFileReference; fileEncoding = 4; lastKnownFileType = sourcecode.c.objc; path = ELCAssetCell.m; sourceTree = "<group>"; };
		3D4679B9196DDABC00B142B5 /* ELCAssetPickerFilterDelegate.h */ = {isa = PBXFileReference; fileEncoding = 4; lastKnownFileType = sourcecode.c.h; path = ELCAssetPickerFilterDelegate.h; sourceTree = "<group>"; };
		3D4679BA196DDABC00B142B5 /* ELCAssetSelectionDelegate.h */ = {isa = PBXFileReference; fileEncoding = 4; lastKnownFileType = sourcecode.c.h; path = ELCAssetSelectionDelegate.h; sourceTree = "<group>"; };
		3D4679BB196DDABC00B142B5 /* ELCAssetTablePicker.h */ = {isa = PBXFileReference; fileEncoding = 4; lastKnownFileType = sourcecode.c.h; path = ELCAssetTablePicker.h; sourceTree = "<group>"; };
		3D4679BC196DDABC00B142B5 /* ELCAssetTablePicker.m */ = {isa = PBXFileReference; fileEncoding = 4; lastKnownFileType = sourcecode.c.objc; path = ELCAssetTablePicker.m; sourceTree = "<group>"; };
		3D4679BD196DDABC00B142B5 /* ELCImagePickerController.h */ = {isa = PBXFileReference; fileEncoding = 4; lastKnownFileType = sourcecode.c.h; path = ELCImagePickerController.h; sourceTree = "<group>"; };
		3D4679BE196DDABC00B142B5 /* ELCImagePickerController.m */ = {isa = PBXFileReference; fileEncoding = 4; lastKnownFileType = sourcecode.c.objc; path = ELCImagePickerController.m; sourceTree = "<group>"; };
		3D4679C0196DDABC00B142B5 /* ELCAlbumPickerController.xib */ = {isa = PBXFileReference; fileEncoding = 4; lastKnownFileType = file.xib; path = ELCAlbumPickerController.xib; sourceTree = "<group>"; };
		3D4679C1196DDABC00B142B5 /* ELCAssetPicker.xib */ = {isa = PBXFileReference; fileEncoding = 4; lastKnownFileType = file.xib; path = ELCAssetPicker.xib; sourceTree = "<group>"; };
		3D4679C2196DDABC00B142B5 /* ELCAssetTablePicker.xib */ = {isa = PBXFileReference; fileEncoding = 4; lastKnownFileType = file.xib; path = ELCAssetTablePicker.xib; sourceTree = "<group>"; };
		3D4679C3196DDABC00B142B5 /* Overlay.png */ = {isa = PBXFileReference; lastKnownFileType = image.png; path = Overlay.png; sourceTree = "<group>"; };
		3D4679C4196DDABC00B142B5 /* Overlay@2x.png */ = {isa = PBXFileReference; lastKnownFileType = image.png; path = "Overlay@2x.png"; sourceTree = "<group>"; };
		3D4679C5196DDABC00B142B5 /* ELCImagePickerDemoAppDelegate.h */ = {isa = PBXFileReference; fileEncoding = 4; lastKnownFileType = sourcecode.c.h; path = ELCImagePickerDemoAppDelegate.h; sourceTree = "<group>"; };
		3D4679C6196DDABC00B142B5 /* ELCImagePickerDemoAppDelegate.m */ = {isa = PBXFileReference; fileEncoding = 4; lastKnownFileType = sourcecode.c.objc; path = ELCImagePickerDemoAppDelegate.m; sourceTree = "<group>"; };
		3D4679C7196DDABC00B142B5 /* ELCImagePickerDemoViewController.h */ = {isa = PBXFileReference; fileEncoding = 4; lastKnownFileType = sourcecode.c.h; path = ELCImagePickerDemoViewController.h; sourceTree = "<group>"; };
		3D4679C8196DDABC00B142B5 /* ELCImagePickerDemoViewController.m */ = {isa = PBXFileReference; fileEncoding = 4; lastKnownFileType = sourcecode.c.objc; path = ELCImagePickerDemoViewController.m; sourceTree = "<group>"; };
		3D4679D5196DDD7000B142B5 /* AssetsLibrary.framework */ = {isa = PBXFileReference; lastKnownFileType = wrapper.framework; name = AssetsLibrary.framework; path = System/Library/Frameworks/AssetsLibrary.framework; sourceTree = SDKROOT; };
		6D2FB3A6155819D9006FB7AD /* fileUploader.app */ = {isa = PBXFileReference; explicitFileType = wrapper.application; includeInIndex = 0; path = fileUploader.app; sourceTree = BUILT_PRODUCTS_DIR; };
		6D2FB3AA155819D9006FB7AD /* UIKit.framework */ = {isa = PBXFileReference; lastKnownFileType = wrapper.framework; name = UIKit.framework; path = System/Library/Frameworks/UIKit.framework; sourceTree = SDKROOT; };
		6D2FB3AC155819D9006FB7AD /* Foundation.framework */ = {isa = PBXFileReference; lastKnownFileType = wrapper.framework; name = Foundation.framework; path = System/Library/Frameworks/Foundation.framework; sourceTree = SDKROOT; };
		6D2FB3AE155819D9006FB7AD /* CoreGraphics.framework */ = {isa = PBXFileReference; lastKnownFileType = wrapper.framework; name = CoreGraphics.framework; path = System/Library/Frameworks/CoreGraphics.framework; sourceTree = SDKROOT; };
		6D2FB3B2155819D9006FB7AD /* fileUploader-Info.plist */ = {isa = PBXFileReference; lastKnownFileType = text.plist.xml; path = "fileUploader-Info.plist"; sourceTree = "<group>"; };
		6D2FB3B4155819D9006FB7AD /* en */ = {isa = PBXFileReference; lastKnownFileType = text.plist.strings; name = en; path = en.lproj/InfoPlist.strings; sourceTree = "<group>"; };
		6D2FB3B6155819D9006FB7AD /* main.m */ = {isa = PBXFileReference; lastKnownFileType = sourcecode.c.objc; path = main.m; sourceTree = "<group>"; };
		6D2FB3B8155819D9006FB7AD /* fileUploader-Prefix.pch */ = {isa = PBXFileReference; lastKnownFileType = sourcecode.c.h; path = "fileUploader-Prefix.pch"; sourceTree = "<group>"; };
		6D2FB3B9155819D9006FB7AD /* fileUploadDemoAppDelegate.h */ = {isa = PBXFileReference; lastKnownFileType = sourcecode.c.h; path = fileUploadDemoAppDelegate.h; sourceTree = "<group>"; };
		6D2FB3BA155819D9006FB7AD /* fileUploadDemoAppDelegate.m */ = {isa = PBXFileReference; lastKnownFileType = sourcecode.c.objc; path = fileUploadDemoAppDelegate.m; sourceTree = "<group>"; };
		6D2FB3BD155819D9006FB7AD /* en */ = {isa = PBXFileReference; lastKnownFileType = file.storyboard; name = en; path = en.lproj/MainStoryboard.storyboard; sourceTree = "<group>"; };
		6D2FB3BF155819D9006FB7AD /* fileUploadDemoViewController.h */ = {isa = PBXFileReference; lastKnownFileType = sourcecode.c.h; path = fileUploadDemoViewController.h; sourceTree = "<group>"; };
		6D2FB3C0155819D9006FB7AD /* fileUploadDemoViewController.m */ = {isa = PBXFileReference; lastKnownFileType = sourcecode.c.objc; path = fileUploadDemoViewController.m; sourceTree = "<group>"; };
		6D2FB3E915581AF0006FB7AD /* Security.framework */ = {isa = PBXFileReference; lastKnownFileType = wrapper.framework; name = Security.framework; path = System/Library/Frameworks/Security.framework; sourceTree = SDKROOT; };
		6D2FB3EB15581B0B006FB7AD /* CFNetwork.framework */ = {isa = PBXFileReference; lastKnownFileType = wrapper.framework; name = CFNetwork.framework; path = System/Library/Frameworks/CFNetwork.framework; sourceTree = SDKROOT; };
		6D2FB3ED15581B2C006FB7AD /* SystemConfiguration.framework */ = {isa = PBXFileReference; lastKnownFileType = wrapper.framework; name = SystemConfiguration.framework; path = System/Library/Frameworks/SystemConfiguration.framework; sourceTree = SDKROOT; };
		6D2FB40E15582939006FB7AD /* fileUploadEngine.h */ = {isa = PBXFileReference; fileEncoding = 4; lastKnownFileType = sourcecode.c.h; path = fileUploadEngine.h; sourceTree = "<group>"; };
		6D2FB40F15582939006FB7AD /* fileUploadEngine.m */ = {isa = PBXFileReference; fileEncoding = 4; lastKnownFileType = sourcecode.c.objc; path = fileUploadEngine.m; sourceTree = "<group>"; };
		6D2FB41A15596952006FB7AD /* NSDate+RFC1123.h */ = {isa = PBXFileReference; fileEncoding = 4; lastKnownFileType = sourcecode.c.h; path = "NSDate+RFC1123.h"; sourceTree = "<group>"; };
		6D2FB41B15596952006FB7AD /* NSDate+RFC1123.m */ = {isa = PBXFileReference; fileEncoding = 4; lastKnownFileType = sourcecode.c.objc; path = "NSDate+RFC1123.m"; sourceTree = "<group>"; };
		6D2FB41C15596952006FB7AD /* NSDictionary+RequestEncoding.h */ = {isa = PBXFileReference; fileEncoding = 4; lastKnownFileType = sourcecode.c.h; path = "NSDictionary+RequestEncoding.h"; sourceTree = "<group>"; };
		6D2FB41D15596952006FB7AD /* NSDictionary+RequestEncoding.m */ = {isa = PBXFileReference; fileEncoding = 4; lastKnownFileType = sourcecode.c.objc; path = "NSDictionary+RequestEncoding.m"; sourceTree = "<group>"; };
		6D2FB41E15596952006FB7AD /* NSString+MKNetworkKitAdditions.h */ = {isa = PBXFileReference; fileEncoding = 4; lastKnownFileType = sourcecode.c.h; path = "NSString+MKNetworkKitAdditions.h"; sourceTree = "<group>"; };
		6D2FB41F15596952006FB7AD /* NSString+MKNetworkKitAdditions.m */ = {isa = PBXFileReference; fileEncoding = 4; lastKnownFileType = sourcecode.c.objc; path = "NSString+MKNetworkKitAdditions.m"; sourceTree = "<group>"; };
		6D2FB42015596952006FB7AD /* UIAlertView+MKNetworkKitAdditions.h */ = {isa = PBXFileReference; fileEncoding = 4; lastKnownFileType = sourcecode.c.h; path = "UIAlertView+MKNetworkKitAdditions.h"; sourceTree = "<group>"; };
		6D2FB42115596952006FB7AD /* UIAlertView+MKNetworkKitAdditions.m */ = {isa = PBXFileReference; fileEncoding = 4; lastKnownFileType = sourcecode.c.objc; path = "UIAlertView+MKNetworkKitAdditions.m"; sourceTree = "<group>"; };
		6D2FB42215596952006FB7AD /* MKNetworkEngine.h */ = {isa = PBXFileReference; fileEncoding = 4; lastKnownFileType = sourcecode.c.h; path = MKNetworkEngine.h; sourceTree = "<group>"; };
		6D2FB42315596952006FB7AD /* MKNetworkEngine.m */ = {isa = PBXFileReference; fileEncoding = 4; lastKnownFileType = sourcecode.c.objc; path = MKNetworkEngine.m; sourceTree = "<group>"; };
		6D2FB42415596952006FB7AD /* MKNetworkKit.h */ = {isa = PBXFileReference; fileEncoding = 4; lastKnownFileType = sourcecode.c.h; path = MKNetworkKit.h; sourceTree = "<group>"; };
		6D2FB42515596952006FB7AD /* MKNetworkOperation.h */ = {isa = PBXFileReference; fileEncoding = 4; lastKnownFileType = sourcecode.c.h; path = MKNetworkOperation.h; sourceTree = "<group>"; };
		6D2FB42615596952006FB7AD /* MKNetworkOperation.m */ = {isa = PBXFileReference; fileEncoding = 4; lastKnownFileType = sourcecode.c.objc; path = MKNetworkOperation.m; sourceTree = "<group>"; };
		6D2FB42815596952006FB7AD /* Reachability.h */ = {isa = PBXFileReference; fileEncoding = 4; lastKnownFileType = sourcecode.c.h; path = Reachability.h; sourceTree = "<group>"; };
		6D2FB42915596952006FB7AD /* Reachability.m */ = {isa = PBXFileReference; fileEncoding = 4; lastKnownFileType = sourcecode.c.objc; path = Reachability.m; sourceTree = "<group>"; };
		6DAF3F5A166BC6F400CE584A /* Default-568h@2x.png */ = {isa = PBXFileReference; lastKnownFileType = image.png; path = "Default-568h@2x.png"; sourceTree = "<group>"; };
		6DAF3F5D166BC73200CE584A /* NSData+MKBase64.h */ = {isa = PBXFileReference; fileEncoding = 4; lastKnownFileType = sourcecode.c.h; path = "NSData+MKBase64.h"; sourceTree = "<group>"; };
		6DAF3F5E166BC73200CE584A /* NSData+MKBase64.m */ = {isa = PBXFileReference; fileEncoding = 4; lastKnownFileType = sourcecode.c.objc; path = "NSData+MKBase64.m"; sourceTree = "<group>"; };
/* End PBXFileReference section */

/* Begin PBXFrameworksBuildPhase section */
		6D2FB3A3155819D9006FB7AD /* Frameworks */ = {
			isa = PBXFrameworksBuildPhase;
			buildActionMask = 2147483647;
			files = (
				3D4679D6196DDD7000B142B5 /* AssetsLibrary.framework in Frameworks */,
				6D2FB3EE15581B2C006FB7AD /* SystemConfiguration.framework in Frameworks */,
				6D2FB3EC15581B0B006FB7AD /* CFNetwork.framework in Frameworks */,
				6D2FB3EA15581AF0006FB7AD /* Security.framework in Frameworks */,
				6D2FB3AB155819D9006FB7AD /* UIKit.framework in Frameworks */,
				6D2FB3AD155819D9006FB7AD /* Foundation.framework in Frameworks */,
				6D2FB3AF155819D9006FB7AD /* CoreGraphics.framework in Frameworks */,
			);
			runOnlyForDeploymentPostprocessing = 0;
		};
/* End PBXFrameworksBuildPhase section */

/* Begin PBXGroup section */
		3D4679B1196DDABC00B142B5 /* CustomPickerClasses */ = {
			isa = PBXGroup;
			children = (
				3D4679B2196DDABC00B142B5 /* ELCImagePicker */,
				3D4679C5196DDABC00B142B5 /* ELCImagePickerDemoAppDelegate.h */,
				3D4679C6196DDABC00B142B5 /* ELCImagePickerDemoAppDelegate.m */,
				3D4679C7196DDABC00B142B5 /* ELCImagePickerDemoViewController.h */,
				3D4679C8196DDABC00B142B5 /* ELCImagePickerDemoViewController.m */,
			);
			name = CustomPickerClasses;
			path = Classes;
			sourceTree = "<group>";
		};
		3D4679B2196DDABC00B142B5 /* ELCImagePicker */ = {
			isa = PBXGroup;
			children = (
				3D4679B3196DDABC00B142B5 /* ELCAlbumPickerController.h */,
				3D4679B4196DDABC00B142B5 /* ELCAlbumPickerController.m */,
				3D4679B5196DDABC00B142B5 /* ELCAsset.h */,
				3D4679B6196DDABC00B142B5 /* ELCAsset.m */,
				3D4679B7196DDABC00B142B5 /* ELCAssetCell.h */,
				3D4679B8196DDABC00B142B5 /* ELCAssetCell.m */,
				3D4679B9196DDABC00B142B5 /* ELCAssetPickerFilterDelegate.h */,
				3D4679BA196DDABC00B142B5 /* ELCAssetSelectionDelegate.h */,
				3D4679BB196DDABC00B142B5 /* ELCAssetTablePicker.h */,
				3D4679BC196DDABC00B142B5 /* ELCAssetTablePicker.m */,
				3D4679BD196DDABC00B142B5 /* ELCImagePickerController.h */,
				3D4679BE196DDABC00B142B5 /* ELCImagePickerController.m */,
				3D4679BF196DDABC00B142B5 /* Resources */,
			);
			path = ELCImagePicker;
			sourceTree = "<group>";
		};
		3D4679BF196DDABC00B142B5 /* Resources */ = {
			isa = PBXGroup;
			children = (
				3D4679C0196DDABC00B142B5 /* ELCAlbumPickerController.xib */,
				3D4679C1196DDABC00B142B5 /* ELCAssetPicker.xib */,
				3D4679C2196DDABC00B142B5 /* ELCAssetTablePicker.xib */,
				3D4679C3196DDABC00B142B5 /* Overlay.png */,
				3D4679C4196DDABC00B142B5 /* Overlay@2x.png */,
			);
			path = Resources;
			sourceTree = "<group>";
		};
		6D2FB39B155819D9006FB7AD = {
			isa = PBXGroup;
			children = (
				6DAF3F5A166BC6F400CE584A /* Default-568h@2x.png */,
				6D2FB3ED15581B2C006FB7AD /* SystemConfiguration.framework */,
				6D2FB3EB15581B0B006FB7AD /* CFNetwork.framework */,
				6D2FB3E915581AF0006FB7AD /* Security.framework */,
				6D2FB41615596952006FB7AD /* MKNetworkKit */,
				6D2FB3B0155819D9006FB7AD /* fileUploader */,
				6D2FB3A9155819D9006FB7AD /* Frameworks */,
				6D2FB3A7155819D9006FB7AD /* Products */,
			);
			sourceTree = "<group>";
		};
		6D2FB3A7155819D9006FB7AD /* Products */ = {
			isa = PBXGroup;
			children = (
				6D2FB3A6155819D9006FB7AD /* fileUploader.app */,
			);
			name = Products;
			sourceTree = "<group>";
		};
		6D2FB3A9155819D9006FB7AD /* Frameworks */ = {
			isa = PBXGroup;
			children = (
				3D4679D5196DDD7000B142B5 /* AssetsLibrary.framework */,
				6D2FB3AA155819D9006FB7AD /* UIKit.framework */,
				6D2FB3AC155819D9006FB7AD /* Foundation.framework */,
				6D2FB3AE155819D9006FB7AD /* CoreGraphics.framework */,
			);
			name = Frameworks;
			sourceTree = "<group>";
		};
		6D2FB3B0155819D9006FB7AD /* fileUploader */ = {
			isa = PBXGroup;
			children = (
				6D2FB3B9155819D9006FB7AD /* fileUploadDemoAppDelegate.h */,
				6D2FB3BA155819D9006FB7AD /* fileUploadDemoAppDelegate.m */,
				6D2FB3BC155819D9006FB7AD /* MainStoryboard.storyboard */,
				6D2FB3BF155819D9006FB7AD /* fileUploadDemoViewController.h */,
				6D2FB40E15582939006FB7AD /* fileUploadEngine.h */,
				6D2FB40F15582939006FB7AD /* fileUploadEngine.m */,
				6D2FB3C0155819D9006FB7AD /* fileUploadDemoViewController.m */,
				3D4679B1196DDABC00B142B5 /* CustomPickerClasses */,
				6D2FB3B1155819D9006FB7AD /* Supporting Files */,
			);
			path = fileUploader;
			sourceTree = "<group>";
		};
		6D2FB3B1155819D9006FB7AD /* Supporting Files */ = {
			isa = PBXGroup;
			children = (
				6D2FB3B2155819D9006FB7AD /* fileUploader-Info.plist */,
				6D2FB3B3155819D9006FB7AD /* InfoPlist.strings */,
				6D2FB3B6155819D9006FB7AD /* main.m */,
				6D2FB3B8155819D9006FB7AD /* fileUploader-Prefix.pch */,
			);
			name = "Supporting Files";
			sourceTree = "<group>";
		};
		6D2FB41615596952006FB7AD /* MKNetworkKit */ = {
			isa = PBXGroup;
			children = (
				6D2FB41715596952006FB7AD /* Categories */,
				6D2FB42215596952006FB7AD /* MKNetworkEngine.h */,
				6D2FB42315596952006FB7AD /* MKNetworkEngine.m */,
				6D2FB42415596952006FB7AD /* MKNetworkKit.h */,
				6D2FB42515596952006FB7AD /* MKNetworkOperation.h */,
				6D2FB42615596952006FB7AD /* MKNetworkOperation.m */,
				6D2FB42715596952006FB7AD /* Reachability */,
			);
			path = MKNetworkKit;
			sourceTree = "<group>";
		};
		6D2FB41715596952006FB7AD /* Categories */ = {
			isa = PBXGroup;
			children = (
				6DAF3F5D166BC73200CE584A /* NSData+MKBase64.h */,
				6DAF3F5E166BC73200CE584A /* NSData+MKBase64.m */,
				6D2FB41A15596952006FB7AD /* NSDate+RFC1123.h */,
				6D2FB41B15596952006FB7AD /* NSDate+RFC1123.m */,
				6D2FB41C15596952006FB7AD /* NSDictionary+RequestEncoding.h */,
				6D2FB41D15596952006FB7AD /* NSDictionary+RequestEncoding.m */,
				6D2FB41E15596952006FB7AD /* NSString+MKNetworkKitAdditions.h */,
				6D2FB41F15596952006FB7AD /* NSString+MKNetworkKitAdditions.m */,
				6D2FB42015596952006FB7AD /* UIAlertView+MKNetworkKitAdditions.h */,
				6D2FB42115596952006FB7AD /* UIAlertView+MKNetworkKitAdditions.m */,
			);
			path = Categories;
			sourceTree = "<group>";
		};
		6D2FB42715596952006FB7AD /* Reachability */ = {
			isa = PBXGroup;
			children = (
				6D2FB42815596952006FB7AD /* Reachability.h */,
				6D2FB42915596952006FB7AD /* Reachability.m */,
			);
			path = Reachability;
			sourceTree = "<group>";
		};
/* End PBXGroup section */

/* Begin PBXNativeTarget section */
		6D2FB3A5155819D9006FB7AD /* fileUploader */ = {
			isa = PBXNativeTarget;
			buildConfigurationList = 6D2FB3C4155819D9006FB7AD /* Build configuration list for PBXNativeTarget "fileUploader" */;
			buildPhases = (
				6D2FB3A2155819D9006FB7AD /* Sources */,
				6D2FB3A3155819D9006FB7AD /* Frameworks */,
				6D2FB3A4155819D9006FB7AD /* Resources */,
			);
			buildRules = (
			);
			dependencies = (
			);
			name = fileUploader;
			productName = fileUploader;
			productReference = 6D2FB3A6155819D9006FB7AD /* fileUploader.app */;
			productType = "com.apple.product-type.application";
		};
/* End PBXNativeTarget section */

/* Begin PBXProject section */
		6D2FB39D155819D9006FB7AD /* Project object */ = {
			isa = PBXProject;
			attributes = {
				CLASSPREFIX = fileUploadDemo;
				LastUpgradeCheck = 0430;
				ORGANIZATIONNAME = NA;
			};
			buildConfigurationList = 6D2FB3A0155819D9006FB7AD /* Build configuration list for PBXProject "fileUploader" */;
			compatibilityVersion = "Xcode 3.2";
			developmentRegion = English;
			hasScannedForEncodings = 0;
			knownRegions = (
				en,
			);
			mainGroup = 6D2FB39B155819D9006FB7AD;
			productRefGroup = 6D2FB3A7155819D9006FB7AD /* Products */;
			projectDirPath = "";
			projectRoot = "";
			targets = (
				6D2FB3A5155819D9006FB7AD /* fileUploader */,
			);
		};
/* End PBXProject section */

/* Begin PBXResourcesBuildPhase section */
		6D2FB3A4155819D9006FB7AD /* Resources */ = {
			isa = PBXResourcesBuildPhase;
			buildActionMask = 2147483647;
			files = (
				3D4679D0196DDABC00B142B5 /* ELCAssetTablePicker.xib in Resources */,
				3D4679CE196DDABC00B142B5 /* ELCAlbumPickerController.xib in Resources */,
				3D4679D1196DDABC00B142B5 /* Overlay.png in Resources */,
				6D2FB3B5155819D9006FB7AD /* InfoPlist.strings in Resources */,
				6D2FB3BE155819D9006FB7AD /* MainStoryboard.storyboard in Resources */,
				3D4679D2196DDABC00B142B5 /* Overlay@2x.png in Resources */,
				6DAF3F5B166BC6F400CE584A /* Default-568h@2x.png in Resources */,
				3D4679CF196DDABC00B142B5 /* ELCAssetPicker.xib in Resources */,
			);
			runOnlyForDeploymentPostprocessing = 0;
		};
/* End PBXResourcesBuildPhase section */

/* Begin PBXSourcesBuildPhase section */
		6D2FB3A2155819D9006FB7AD /* Sources */ = {
			isa = PBXSourcesBuildPhase;
			buildActionMask = 2147483647;
			files = (
				6D2FB3B7155819D9006FB7AD /* main.m in Sources */,
				3D4679CA196DDABC00B142B5 /* ELCAsset.m in Sources */,
				6D2FB3BB155819D9006FB7AD /* fileUploadDemoAppDelegate.m in Sources */,
				6D2FB3C1155819D9006FB7AD /* fileUploadDemoViewController.m in Sources */,
				6D2FB41015582939006FB7AD /* fileUploadEngine.m in Sources */,
				3D4679CB196DDABC00B142B5 /* ELCAssetCell.m in Sources */,
				6D2FB42B15596952006FB7AD /* NSDate+RFC1123.m in Sources */,
				3D4679D4196DDABC00B142B5 /* ELCImagePickerDemoViewController.m in Sources */,
				6D2FB42C15596952006FB7AD /* NSDictionary+RequestEncoding.m in Sources */,
				6D2FB42D15596952006FB7AD /* NSString+MKNetworkKitAdditions.m in Sources */,
				6D2FB42E15596952006FB7AD /* UIAlertView+MKNetworkKitAdditions.m in Sources */,
				3D4679CC196DDABC00B142B5 /* ELCAssetTablePicker.m in Sources */,
				6D2FB42F15596952006FB7AD /* MKNetworkEngine.m in Sources */,
				3D4679D3196DDABC00B142B5 /* ELCImagePickerDemoAppDelegate.m in Sources */,
				3D4679C9196DDABC00B142B5 /* ELCAlbumPickerController.m in Sources */,
				6D2FB43015596952006FB7AD /* MKNetworkOperation.m in Sources */,
				6D2FB43115596952006FB7AD /* Reachability.m in Sources */,
				6DAF3F5F166BC73200CE584A /* NSData+MKBase64.m in Sources */,
				3D4679CD196DDABC00B142B5 /* ELCImagePickerController.m in Sources */,
			);
			runOnlyForDeploymentPostprocessing = 0;
		};
/* End PBXSourcesBuildPhase section */

/* Begin PBXVariantGroup section */
		6D2FB3B3155819D9006FB7AD /* InfoPlist.strings */ = {
			isa = PBXVariantGroup;
			children = (
				6D2FB3B4155819D9006FB7AD /* en */,
			);
			name = InfoPlist.strings;
			sourceTree = "<group>";
		};
		6D2FB3BC155819D9006FB7AD /* MainStoryboard.storyboard */ = {
			isa = PBXVariantGroup;
			children = (
				6D2FB3BD155819D9006FB7AD /* en */,
			);
			name = MainStoryboard.storyboard;
			sourceTree = "<group>";
		};
/* End PBXVariantGroup section */

/* Begin XCBuildConfiguration section */
		6D2FB3C2155819D9006FB7AD /* Debug */ = {
			isa = XCBuildConfiguration;
			buildSettings = {
				ALWAYS_SEARCH_USER_PATHS = NO;
				ARCHS = "$(ARCHS_STANDARD_32_BIT)";
				CLANG_ENABLE_OBJC_ARC = YES;
				"CODE_SIGN_IDENTITY[sdk=iphoneos*]" = "iPhone Developer";
				COPY_PHASE_STRIP = NO;
				GCC_C_LANGUAGE_STANDARD = gnu99;
				GCC_DYNAMIC_NO_PIC = NO;
				GCC_OPTIMIZATION_LEVEL = 0;
				GCC_PREPROCESSOR_DEFINITIONS = (
					"DEBUG=1",
					"$(inherited)",
				);
				GCC_SYMBOLS_PRIVATE_EXTERN = NO;
				GCC_VERSION = com.apple.compilers.llvm.clang.1_0;
				GCC_WARN_ABOUT_RETURN_TYPE = YES;
				GCC_WARN_UNINITIALIZED_AUTOS = YES;
				GCC_WARN_UNUSED_VARIABLE = YES;
				IPHONEOS_DEPLOYMENT_TARGET = 5.1;
				SDKROOT = iphoneos;
			};
			name = Debug;
		};
		6D2FB3C3155819D9006FB7AD /* Release */ = {
			isa = XCBuildConfiguration;
			buildSettings = {
				ALWAYS_SEARCH_USER_PATHS = NO;
				ARCHS = "$(ARCHS_STANDARD_32_BIT)";
				CLANG_ENABLE_OBJC_ARC = YES;
				"CODE_SIGN_IDENTITY[sdk=iphoneos*]" = "iPhone Developer";
				COPY_PHASE_STRIP = YES;
				GCC_C_LANGUAGE_STANDARD = gnu99;
				GCC_VERSION = com.apple.compilers.llvm.clang.1_0;
				GCC_WARN_ABOUT_RETURN_TYPE = YES;
				GCC_WARN_UNINITIALIZED_AUTOS = YES;
				GCC_WARN_UNUSED_VARIABLE = YES;
				IPHONEOS_DEPLOYMENT_TARGET = 5.1;
				OTHER_CFLAGS = "-DNS_BLOCK_ASSERTIONS=1";
				SDKROOT = iphoneos;
				VALIDATE_PRODUCT = YES;
			};
			name = Release;
		};
		6D2FB3C5155819D9006FB7AD /* Debug */ = {
			isa = XCBuildConfiguration;
			buildSettings = {
				GCC_PRECOMPILE_PREFIX_HEADER = YES;
				GCC_PREFIX_HEADER = "fileUploader/fileUploader-Prefix.pch";
				INFOPLIST_FILE = "fileUploader/fileUploader-Info.plist";
				PRODUCT_NAME = "$(TARGET_NAME)";
				WRAPPER_EXTENSION = app;
			};
			name = Debug;
		};
		6D2FB3C6155819D9006FB7AD /* Release */ = {
			isa = XCBuildConfiguration;
			buildSettings = {
				GCC_PRECOMPILE_PREFIX_HEADER = YES;
				GCC_PREFIX_HEADER = "fileUploader/fileUploader-Prefix.pch";
				INFOPLIST_FILE = "fileUploader/fileUploader-Info.plist";
				PRODUCT_NAME = "$(TARGET_NAME)";
				WRAPPER_EXTENSION = app;
			};
			name = Release;
		};
/* End XCBuildConfiguration section */

/* Begin XCConfigurationList section */
		6D2FB3A0155819D9006FB7AD /* Build configuration list for PBXProject "fileUploader" */ = {
			isa = XCConfigurationList;
			buildConfigurations = (
				6D2FB3C2155819D9006FB7AD /* Debug */,
				6D2FB3C3155819D9006FB7AD /* Release */,
			);
			defaultConfigurationIsVisible = 0;
			defaultConfigurationName = Release;
		};
		6D2FB3C4155819D9006FB7AD /* Build configuration list for PBXNativeTarget "fileUploader" */ = {
			isa = XCConfigurationList;
			buildConfigurations = (
				6D2FB3C5155819D9006FB7AD /* Debug */,
				6D2FB3C6155819D9006FB7AD /* Release */,
			);
			defaultConfigurationIsVisible = 0;
			defaultConfigurationName = Release;
		};
/* End XCConfigurationList section */
	};
	rootObject = 6D2FB39D155819D9006FB7AD /* Project object */;
}
